
Microsoft Visual Studio Solution File, Format Version 12.00
# Visual Studio Version 17
VisualStudioVersion = 17.1.32210.238
MinimumVisualStudioVersion = 10.0.40219.1
Project("{FAE04EC0-301F-11D3-BF4B-00C04F79EFBC}") = "BakendChart", "BakendChart\BakendChart.csproj", "{4BFF07CB-1A37-4035-9A21-2F27E0FF8052}"
EndProject
Global
	GlobalSection(SolutionConfigurationPlatforms) = preSolution
		Debug|Any CPU = Debug|Any CPU
		Release|Any CPU = Release|Any CPU
	EndGlobalSection
	GlobalSection(ProjectConfigurationPlatforms) = postSolution
		{4BFF07CB-1A37-4035-9A21-2F27E0FF8052}.Debug|Any CPU.ActiveCfg = Debug|Any CPU
		{4BFF07CB-1A37-4035-9A21-2F27E0FF8052}.Debug|Any CPU.Build.0 = Debug|Any CPU
		{4BFF07CB-1A37-4035-9A21-2F27E0FF8052}.Release|Any CPU.ActiveCfg = Release|Any CPU
		{4BFF07CB-1A37-4035-9A21-2F27E0FF8052}.Release|Any CPU.Build.0 = Release|Any CPU
	EndGlobalSection
	GlobalSection(SolutionProperties) = preSolution
		HideSolutionNode = FALSE
	EndGlobalSection
	GlobalSection(ExtensibilityGlobals) = postSolution
		SolutionGuid = {50CFB8C5-2009-45A3-AF92-928FD78E0DED}
	EndGlobalSection
EndGlobal
